// !$*UTF8*$!
{
	archiveVersion = 1;
	classes = {
	};
	objectVersion = 56;
	objects = {

/* Begin PBXBuildFile section */
		BB10A0652BF58AFD007A423A /* InterviewScheduleCollectionViewController.swift in Sources */ = {isa = PBXBuildFile; fileRef = BB10A0642BF58AFD007A423A /* InterviewScheduleCollectionViewController.swift */; };
		BB10A0672BF5A610007A423A /* InterviewScheduleCollectionViewCell.swift in Sources */ = {isa = PBXBuildFile; fileRef = BB10A0662BF5A610007A423A /* InterviewScheduleCollectionViewCell.swift */; };
		BB10A0692BF5E05B007A423A /* InterviewScheduleMonthCollectionReusableView.swift in Sources */ = {isa = PBXBuildFile; fileRef = BB10A0682BF5E05B007A423A /* InterviewScheduleMonthCollectionReusableView.swift */; };
		BB4767E42BECF028008C5957 /* QuizTableViewController.swift in Sources */ = {isa = PBXBuildFile; fileRef = BB4767E32BECF028008C5957 /* QuizTableViewController.swift */; };
		BB4767E82BECF855008C5957 /* QuestionData.swift in Sources */ = {isa = PBXBuildFile; fileRef = BB4767E72BECF855008C5957 /* QuestionData.swift */; };
		BB53C7642BF6C1720012DC3F /* InterviewScheduleDetail-Model.xcdatamodeld in Sources */ = {isa = PBXBuildFile; fileRef = BB53C7622BF6C1720012DC3F /* InterviewScheduleDetail-Model.xcdatamodeld */; };
		BB53C7672BF6C3270012DC3F /* InterviewScheduleDetail+CoreDataClass.swift in Sources */ = {isa = PBXBuildFile; fileRef = BB53C7652BF6C3270012DC3F /* InterviewScheduleDetail+CoreDataClass.swift */; };
		BB53C7682BF6C3270012DC3F /* InterviewScheduleDetail+CoreDataProperties.swift in Sources */ = {isa = PBXBuildFile; fileRef = BB53C7662BF6C3270012DC3F /* InterviewScheduleDetail+CoreDataProperties.swift */; };
		BB53C76A2BF6C49D0012DC3F /* CoreDataController.swift in Sources */ = {isa = PBXBuildFile; fileRef = BB53C7692BF6C49D0012DC3F /* CoreDataController.swift */; };
		BB53C76C2BF6D2550012DC3F /* ViewSingleDateInterviewScheduleCollectionViewController.swift in Sources */ = {isa = PBXBuildFile; fileRef = BB53C76B2BF6D2550012DC3F /* ViewSingleDateInterviewScheduleCollectionViewController.swift */; };
		BB53C7702BF6DDDC0012DC3F /* ViewSingleDateInterviewScheduleCollectionViewCell.swift in Sources */ = {isa = PBXBuildFile; fileRef = BB53C76F2BF6DDDC0012DC3F /* ViewSingleDateInterviewScheduleCollectionViewCell.swift */; };
		BB82977C2BFEE5640069F424 /* LogInViewController.swift in Sources */ = {isa = PBXBuildFile; fileRef = BB82977B2BFEE5640069F424 /* LogInViewController.swift */; };
		BB82977E2BFEE5750069F424 /* RegisterSignUpViewController.swift in Sources */ = {isa = PBXBuildFile; fileRef = BB82977D2BFEE5750069F424 /* RegisterSignUpViewController.swift */; };
		BB8297802BFEFB990069F424 /* ProfileViewController.swift in Sources */ = {isa = PBXBuildFile; fileRef = BB82977F2BFEFB990069F424 /* ProfileViewController.swift */; };
		BB8297822BFF1C540069F424 /* ForgotPasswordViewController.swift in Sources */ = {isa = PBXBuildFile; fileRef = BB8297812BFF1C540069F424 /* ForgotPasswordViewController.swift */; };
		BB9D2CAC2BFCE53000DAAD8F /* ApplicationMetricViewController.swift in Sources */ = {isa = PBXBuildFile; fileRef = BB9D2CAB2BFCE53000DAAD8F /* ApplicationMetricViewController.swift */; };
		BBA54C092BED1E7B00C03C97 /* QuizCategory.swift in Sources */ = {isa = PBXBuildFile; fileRef = BBA54C082BED1E7B00C03C97 /* QuizCategory.swift */; };
		BBA54C0B2BED3B9700C03C97 /* InterviewPrepCollectionViewCell.swift in Sources */ = {isa = PBXBuildFile; fileRef = BBA54C0A2BED3B9700C03C97 /* InterviewPrepCollectionViewCell.swift */; };
		BBA54C0D2BED402C00C03C97 /* InterviewPrepCollectionViewController.swift in Sources */ = {isa = PBXBuildFile; fileRef = BBA54C0C2BED402C00C03C97 /* InterviewPrepCollectionViewController.swift */; };
		BBA54C0F2BEDA59600C03C97 /* ViewQuizQuestionViewController.swift in Sources */ = {isa = PBXBuildFile; fileRef = BBA54C0E2BEDA59500C03C97 /* ViewQuizQuestionViewController.swift */; };
		BBA559DC2BE34A4E0099D458 /* AllJournalEntryTableViewController.swift in Sources */ = {isa = PBXBuildFile; fileRef = BBA559DB2BE34A4E0099D458 /* AllJournalEntryTableViewController.swift */; };
		BBA559DE2BE34A770099D458 /* CreateJournalEntryViewController.swift in Sources */ = {isa = PBXBuildFile; fileRef = BBA559DD2BE34A770099D458 /* CreateJournalEntryViewController.swift */; };
		BBA559E22BE34F840099D458 /* AddJournalEntryDelegate.swift in Sources */ = {isa = PBXBuildFile; fileRef = BBA559E12BE34F840099D458 /* AddJournalEntryDelegate.swift */; };
		BBAE12AB2BE36E32008B3EC4 /* ViewJournalEntryViewController.swift in Sources */ = {isa = PBXBuildFile; fileRef = BBAE12AA2BE36E32008B3EC4 /* ViewJournalEntryViewController.swift */; };
		BBAE12AD2BE36E42008B3EC4 /* EditJournalEntryViewController.swift in Sources */ = {isa = PBXBuildFile; fileRef = BBAE12AC2BE36E42008B3EC4 /* EditJournalEntryViewController.swift */; };
		BBB99FD52BE3A959009F602D /* FirebaseAuth in Frameworks */ = {isa = PBXBuildFile; productRef = BBB99FD42BE3A959009F602D /* FirebaseAuth */; };
		BBB99FD72BE3A959009F602D /* FirebaseFirestore in Frameworks */ = {isa = PBXBuildFile; productRef = BBB99FD62BE3A959009F602D /* FirebaseFirestore */; };
		BBB99FD92BE3A959009F602D /* FirebaseFirestoreSwift in Frameworks */ = {isa = PBXBuildFile; productRef = BBB99FD82BE3A959009F602D /* FirebaseFirestoreSwift */; };
		BBB99FDB2BE3ABC4009F602D /* GoogleService-Info.plist in Resources */ = {isa = PBXBuildFile; fileRef = BBB99FDA2BE3ABC4009F602D /* GoogleService-Info.plist */; };
		BBB99FDD2BE3B1D0009F602D /* ApplicationDetail.swift in Sources */ = {isa = PBXBuildFile; fileRef = BBB99FDC2BE3B1D0009F602D /* ApplicationDetail.swift */; };
		BBB99FDF2BE3B336009F602D /* JournalEntry.swift in Sources */ = {isa = PBXBuildFile; fileRef = BBB99FDE2BE3B336009F602D /* JournalEntry.swift */; };
		BBB99FE12BE3B452009F602D /* FirebaseController.swift in Sources */ = {isa = PBXBuildFile; fileRef = BBB99FE02BE3B452009F602D /* FirebaseController.swift */; };
		BBC70ABC2BE14B89003D2052 /* AppDelegate.swift in Sources */ = {isa = PBXBuildFile; fileRef = BBC70ABB2BE14B89003D2052 /* AppDelegate.swift */; };
		BBC70ABE2BE14B89003D2052 /* SceneDelegate.swift in Sources */ = {isa = PBXBuildFile; fileRef = BBC70ABD2BE14B89003D2052 /* SceneDelegate.swift */; };
		BBC70AC32BE14B89003D2052 /* Base in Resources */ = {isa = PBXBuildFile; fileRef = BBC70AC22BE14B89003D2052 /* Base */; };
		BBC70AC52BE14B8A003D2052 /* Assets.xcassets in Resources */ = {isa = PBXBuildFile; fileRef = BBC70AC42BE14B8A003D2052 /* Assets.xcassets */; };
		BBC70AC82BE14B8A003D2052 /* Base in Resources */ = {isa = PBXBuildFile; fileRef = BBC70AC72BE14B8A003D2052 /* Base */; };
		BBC70AD92BE16D67003D2052 /* ApplicationTrackerViewController.swift in Sources */ = {isa = PBXBuildFile; fileRef = BBC70AD82BE16D67003D2052 /* ApplicationTrackerViewController.swift */; };
		BBC70ADB2BE16D8F003D2052 /* AddNewApplicationViewController.swift in Sources */ = {isa = PBXBuildFile; fileRef = BBC70ADA2BE16D8F003D2052 /* AddNewApplicationViewController.swift */; };
		BBC70ADD2BE16DE8003D2052 /* ApplicationCountTableViewCell.swift in Sources */ = {isa = PBXBuildFile; fileRef = BBC70ADC2BE16DE8003D2052 /* ApplicationCountTableViewCell.swift */; };
		BBC70ADF2BE16F29003D2052 /* AddApplicationDelegate.swift in Sources */ = {isa = PBXBuildFile; fileRef = BBC70ADE2BE16F29003D2052 /* AddApplicationDelegate.swift */; };
		BBC70AE12BE17740003D2052 /* UIViewController+displayMessage.swift in Sources */ = {isa = PBXBuildFile; fileRef = BBC70AE02BE17740003D2052 /* UIViewController+displayMessage.swift */; };
		BBF5832A2BF628B00049DC50 /* AddInterviewViewController.swift in Sources */ = {isa = PBXBuildFile; fileRef = BBF583292BF628B00049DC50 /* AddInterviewViewController.swift */; };
		BBFD17A92BE27B5E00A33FED /* MulticastDelegate.swift in Sources */ = {isa = PBXBuildFile; fileRef = BBFD17A82BE27B5E00A33FED /* MulticastDelegate.swift */; };
		BBFD17AB2BE27BB900A33FED /* DatabaseProtocol.swift in Sources */ = {isa = PBXBuildFile; fileRef = BBFD17AA2BE27BB900A33FED /* DatabaseProtocol.swift */; };
		BBFD17AF2BE2A0D400A33FED /* ViewApplicationDetailsViewController.swift in Sources */ = {isa = PBXBuildFile; fileRef = BBFD17AE2BE2A0D300A33FED /* ViewApplicationDetailsViewController.swift */; };
		BBFD17B12BE2B7FC00A33FED /* EditApplicationDetailsViewController.swift in Sources */ = {isa = PBXBuildFile; fileRef = BBFD17B02BE2B7FC00A33FED /* EditApplicationDetailsViewController.swift */; };
/* End PBXBuildFile section */

/* Begin PBXFileReference section */
		BB10A0642BF58AFD007A423A /* InterviewScheduleCollectionViewController.swift */ = {isa = PBXFileReference; lastKnownFileType = sourcecode.swift; path = InterviewScheduleCollectionViewController.swift; sourceTree = "<group>"; };
		BB10A0662BF5A610007A423A /* InterviewScheduleCollectionViewCell.swift */ = {isa = PBXFileReference; lastKnownFileType = sourcecode.swift; path = InterviewScheduleCollectionViewCell.swift; sourceTree = "<group>"; };
		BB10A0682BF5E05B007A423A /* InterviewScheduleMonthCollectionReusableView.swift */ = {isa = PBXFileReference; lastKnownFileType = sourcecode.swift; path = InterviewScheduleMonthCollectionReusableView.swift; sourceTree = "<group>"; };
		BB4767E32BECF028008C5957 /* QuizTableViewController.swift */ = {isa = PBXFileReference; lastKnownFileType = sourcecode.swift; path = QuizTableViewController.swift; sourceTree = "<group>"; };
		BB4767E72BECF855008C5957 /* QuestionData.swift */ = {isa = PBXFileReference; lastKnownFileType = sourcecode.swift; path = QuestionData.swift; sourceTree = "<group>"; };
		BB53C7632BF6C1720012DC3F /* InterviewScheduleDetail-Model.xcdatamodel */ = {isa = PBXFileReference; lastKnownFileType = wrapper.xcdatamodel; path = "InterviewScheduleDetail-Model.xcdatamodel"; sourceTree = "<group>"; };
		BB53C7652BF6C3270012DC3F /* InterviewScheduleDetail+CoreDataClass.swift */ = {isa = PBXFileReference; lastKnownFileType = sourcecode.swift; path = "InterviewScheduleDetail+CoreDataClass.swift"; sourceTree = SOURCE_ROOT; };
		BB53C7662BF6C3270012DC3F /* InterviewScheduleDetail+CoreDataProperties.swift */ = {isa = PBXFileReference; lastKnownFileType = sourcecode.swift; path = "InterviewScheduleDetail+CoreDataProperties.swift"; sourceTree = SOURCE_ROOT; };
		BB53C7692BF6C49D0012DC3F /* CoreDataController.swift */ = {isa = PBXFileReference; lastKnownFileType = sourcecode.swift; path = CoreDataController.swift; sourceTree = "<group>"; };
		BB53C76B2BF6D2550012DC3F /* ViewSingleDateInterviewScheduleCollectionViewController.swift */ = {isa = PBXFileReference; lastKnownFileType = sourcecode.swift; path = ViewSingleDateInterviewScheduleCollectionViewController.swift; sourceTree = "<group>"; };
		BB53C76F2BF6DDDC0012DC3F /* ViewSingleDateInterviewScheduleCollectionViewCell.swift */ = {isa = PBXFileReference; lastKnownFileType = sourcecode.swift; path = ViewSingleDateInterviewScheduleCollectionViewCell.swift; sourceTree = "<group>"; };
		BB82977B2BFEE5640069F424 /* LogInViewController.swift */ = {isa = PBXFileReference; lastKnownFileType = sourcecode.swift; path = LogInViewController.swift; sourceTree = "<group>"; };
		BB82977D2BFEE5750069F424 /* RegisterSignUpViewController.swift */ = {isa = PBXFileReference; lastKnownFileType = sourcecode.swift; path = RegisterSignUpViewController.swift; sourceTree = "<group>"; };
		BB82977F2BFEFB990069F424 /* ProfileViewController.swift */ = {isa = PBXFileReference; lastKnownFileType = sourcecode.swift; path = ProfileViewController.swift; sourceTree = "<group>"; };
		BB8297812BFF1C540069F424 /* ForgotPasswordViewController.swift */ = {isa = PBXFileReference; lastKnownFileType = sourcecode.swift; path = ForgotPasswordViewController.swift; sourceTree = "<group>"; };
		BB9D2CAB2BFCE53000DAAD8F /* ApplicationMetricViewController.swift */ = {isa = PBXFileReference; lastKnownFileType = sourcecode.swift; path = ApplicationMetricViewController.swift; sourceTree = "<group>"; };
		BBA54C082BED1E7B00C03C97 /* QuizCategory.swift */ = {isa = PBXFileReference; lastKnownFileType = sourcecode.swift; path = QuizCategory.swift; sourceTree = "<group>"; };
		BBA54C0A2BED3B9700C03C97 /* InterviewPrepCollectionViewCell.swift */ = {isa = PBXFileReference; lastKnownFileType = sourcecode.swift; path = InterviewPrepCollectionViewCell.swift; sourceTree = "<group>"; };
		BBA54C0C2BED402C00C03C97 /* InterviewPrepCollectionViewController.swift */ = {isa = PBXFileReference; lastKnownFileType = sourcecode.swift; path = InterviewPrepCollectionViewController.swift; sourceTree = "<group>"; };
		BBA54C0E2BEDA59500C03C97 /* ViewQuizQuestionViewController.swift */ = {isa = PBXFileReference; lastKnownFileType = sourcecode.swift; path = ViewQuizQuestionViewController.swift; sourceTree = "<group>"; };
		BBA559DB2BE34A4E0099D458 /* AllJournalEntryTableViewController.swift */ = {isa = PBXFileReference; lastKnownFileType = sourcecode.swift; path = AllJournalEntryTableViewController.swift; sourceTree = "<group>"; };
		BBA559DD2BE34A770099D458 /* CreateJournalEntryViewController.swift */ = {isa = PBXFileReference; lastKnownFileType = sourcecode.swift; path = CreateJournalEntryViewController.swift; sourceTree = "<group>"; };
		BBA559E12BE34F840099D458 /* AddJournalEntryDelegate.swift */ = {isa = PBXFileReference; lastKnownFileType = sourcecode.swift; path = AddJournalEntryDelegate.swift; sourceTree = "<group>"; };
		BBAE12AA2BE36E32008B3EC4 /* ViewJournalEntryViewController.swift */ = {isa = PBXFileReference; lastKnownFileType = sourcecode.swift; path = ViewJournalEntryViewController.swift; sourceTree = "<group>"; };
		BBAE12AC2BE36E42008B3EC4 /* EditJournalEntryViewController.swift */ = {isa = PBXFileReference; lastKnownFileType = sourcecode.swift; path = EditJournalEntryViewController.swift; sourceTree = "<group>"; };
		BBB99FDA2BE3ABC4009F602D /* GoogleService-Info.plist */ = {isa = PBXFileReference; fileEncoding = 4; lastKnownFileType = text.plist.xml; path = "GoogleService-Info.plist"; sourceTree = "<group>"; };
		BBB99FDC2BE3B1D0009F602D /* ApplicationDetail.swift */ = {isa = PBXFileReference; lastKnownFileType = sourcecode.swift; path = ApplicationDetail.swift; sourceTree = "<group>"; };
		BBB99FDE2BE3B336009F602D /* JournalEntry.swift */ = {isa = PBXFileReference; lastKnownFileType = sourcecode.swift; path = JournalEntry.swift; sourceTree = "<group>"; };
		BBB99FE02BE3B452009F602D /* FirebaseController.swift */ = {isa = PBXFileReference; lastKnownFileType = sourcecode.swift; path = FirebaseController.swift; sourceTree = "<group>"; };
		BBC70AB82BE14B89003D2052 /* jobApplication_prepTrack_app.app */ = {isa = PBXFileReference; explicitFileType = wrapper.application; includeInIndex = 0; path = jobApplication_prepTrack_app.app; sourceTree = BUILT_PRODUCTS_DIR; };
		BBC70ABB2BE14B89003D2052 /* AppDelegate.swift */ = {isa = PBXFileReference; lastKnownFileType = sourcecode.swift; path = AppDelegate.swift; sourceTree = "<group>"; };
		BBC70ABD2BE14B89003D2052 /* SceneDelegate.swift */ = {isa = PBXFileReference; lastKnownFileType = sourcecode.swift; path = SceneDelegate.swift; sourceTree = "<group>"; };
		BBC70AC22BE14B89003D2052 /* Base */ = {isa = PBXFileReference; lastKnownFileType = file.storyboard; name = Base; path = Base.lproj/Main.storyboard; sourceTree = "<group>"; };
		BBC70AC42BE14B8A003D2052 /* Assets.xcassets */ = {isa = PBXFileReference; lastKnownFileType = folder.assetcatalog; path = Assets.xcassets; sourceTree = "<group>"; };
		BBC70AC72BE14B8A003D2052 /* Base */ = {isa = PBXFileReference; lastKnownFileType = file.storyboard; name = Base; path = Base.lproj/LaunchScreen.storyboard; sourceTree = "<group>"; };
		BBC70AC92BE14B8A003D2052 /* Info.plist */ = {isa = PBXFileReference; lastKnownFileType = text.plist.xml; path = Info.plist; sourceTree = "<group>"; };
		BBC70AD82BE16D67003D2052 /* ApplicationTrackerViewController.swift */ = {isa = PBXFileReference; lastKnownFileType = sourcecode.swift; path = ApplicationTrackerViewController.swift; sourceTree = "<group>"; };
		BBC70ADA2BE16D8F003D2052 /* AddNewApplicationViewController.swift */ = {isa = PBXFileReference; lastKnownFileType = sourcecode.swift; path = AddNewApplicationViewController.swift; sourceTree = "<group>"; };
		BBC70ADC2BE16DE8003D2052 /* ApplicationCountTableViewCell.swift */ = {isa = PBXFileReference; lastKnownFileType = sourcecode.swift; path = ApplicationCountTableViewCell.swift; sourceTree = "<group>"; };
		BBC70ADE2BE16F29003D2052 /* AddApplicationDelegate.swift */ = {isa = PBXFileReference; lastKnownFileType = sourcecode.swift; path = AddApplicationDelegate.swift; sourceTree = "<group>"; };
		BBC70AE02BE17740003D2052 /* UIViewController+displayMessage.swift */ = {isa = PBXFileReference; fileEncoding = 4; lastKnownFileType = sourcecode.swift; path = "UIViewController+displayMessage.swift"; sourceTree = "<group>"; };
		BBF583292BF628B00049DC50 /* AddInterviewViewController.swift */ = {isa = PBXFileReference; lastKnownFileType = sourcecode.swift; path = AddInterviewViewController.swift; sourceTree = "<group>"; };
		BBFD17A82BE27B5E00A33FED /* MulticastDelegate.swift */ = {isa = PBXFileReference; fileEncoding = 4; lastKnownFileType = sourcecode.swift; path = MulticastDelegate.swift; sourceTree = "<group>"; };
		BBFD17AA2BE27BB900A33FED /* DatabaseProtocol.swift */ = {isa = PBXFileReference; lastKnownFileType = sourcecode.swift; path = DatabaseProtocol.swift; sourceTree = "<group>"; };
		BBFD17AE2BE2A0D300A33FED /* ViewApplicationDetailsViewController.swift */ = {isa = PBXFileReference; lastKnownFileType = sourcecode.swift; path = ViewApplicationDetailsViewController.swift; sourceTree = "<group>"; };
		BBFD17B02BE2B7FC00A33FED /* EditApplicationDetailsViewController.swift */ = {isa = PBXFileReference; lastKnownFileType = sourcecode.swift; path = EditApplicationDetailsViewController.swift; sourceTree = "<group>"; };
/* End PBXFileReference section */

/* Begin PBXFrameworksBuildPhase section */
		BBC70AB52BE14B89003D2052 /* Frameworks */ = {
			isa = PBXFrameworksBuildPhase;
			buildActionMask = 2147483647;
			files = (
				BBB99FD52BE3A959009F602D /* FirebaseAuth in Frameworks */,
				BBB99FD72BE3A959009F602D /* FirebaseFirestore in Frameworks */,
				BBB99FD92BE3A959009F602D /* FirebaseFirestoreSwift in Frameworks */,
			);
			runOnlyForDeploymentPostprocessing = 0;
		};
/* End PBXFrameworksBuildPhase section */

/* Begin PBXGroup section */
		BB10A0632BF58AAE007A423A /* InterviewSchedule */ = {
			isa = PBXGroup;
			children = (
				BB10A0642BF58AFD007A423A /* InterviewScheduleCollectionViewController.swift */,
				BB10A0662BF5A610007A423A /* InterviewScheduleCollectionViewCell.swift */,
				BB10A0682BF5E05B007A423A /* InterviewScheduleMonthCollectionReusableView.swift */,
				BBF583292BF628B00049DC50 /* AddInterviewViewController.swift */,
				BB53C76B2BF6D2550012DC3F /* ViewSingleDateInterviewScheduleCollectionViewController.swift */,
				BB53C76F2BF6DDDC0012DC3F /* ViewSingleDateInterviewScheduleCollectionViewCell.swift */,
			);
			path = InterviewSchedule;
			sourceTree = "<group>";
		};
		BB4767E02BECEC7B008C5957 /* InterviewPrep */ = {
			isa = PBXGroup;
			children = (
				BBA54C0C2BED402C00C03C97 /* InterviewPrepCollectionViewController.swift */,
				BBA54C0A2BED3B9700C03C97 /* InterviewPrepCollectionViewCell.swift */,
				BB4767E32BECF028008C5957 /* QuizTableViewController.swift */,
				BBA54C0E2BEDA59500C03C97 /* ViewQuizQuestionViewController.swift */,
			);
			path = InterviewPrep;
			sourceTree = "<group>";
		};
		BB82977A2BFEE5380069F424 /* LogIn-SignUp */ = {
			isa = PBXGroup;
			children = (
				BB82977B2BFEE5640069F424 /* LogInViewController.swift */,
				BB82977D2BFEE5750069F424 /* RegisterSignUpViewController.swift */,
				BB82977F2BFEFB990069F424 /* ProfileViewController.swift */,
				BB8297812BFF1C540069F424 /* ForgotPasswordViewController.swift */,
			);
			path = "LogIn-SignUp";
			sourceTree = "<group>";
		};
		BB9D2CAA2BFCE4F800DAAD8F /* Metrics */ = {
			isa = PBXGroup;
			children = (
				BB9D2CAB2BFCE53000DAAD8F /* ApplicationMetricViewController.swift */,
			);
			path = Metrics;
			sourceTree = "<group>";
		};
		BBA559DA2BE349E90099D458 /* JournalEntry */ = {
			isa = PBXGroup;
			children = (
				BBA559E12BE34F840099D458 /* AddJournalEntryDelegate.swift */,
				BBA559DB2BE34A4E0099D458 /* AllJournalEntryTableViewController.swift */,
				BBA559DD2BE34A770099D458 /* CreateJournalEntryViewController.swift */,
				BBAE12AA2BE36E32008B3EC4 /* ViewJournalEntryViewController.swift */,
				BBAE12AC2BE36E42008B3EC4 /* EditJournalEntryViewController.swift */,
			);
			path = JournalEntry;
			sourceTree = "<group>";
		};
		BBC70AAF2BE14B89003D2052 = {
			isa = PBXGroup;
			children = (
				BBC70ABA2BE14B89003D2052 /* fit3178_majorAssignment */,
				BBC70AB92BE14B89003D2052 /* Products */,
			);
			sourceTree = "<group>";
		};
		BBC70AB92BE14B89003D2052 /* Products */ = {
			isa = PBXGroup;
			children = (
				BBC70AB82BE14B89003D2052 /* jobApplication_prepTrack_app.app */,
			);
			name = Products;
			sourceTree = "<group>";
		};
		BBC70ABA2BE14B89003D2052 /* fit3178_majorAssignment */ = {
			isa = PBXGroup;
			children = (
				BBFD17A72BE27B2A00A33FED /* Database */,
				BBFD179F2BE2780800A33FED /* DataModel */,
				BBA559DA2BE349E90099D458 /* JournalEntry */,
				BBC70ACF2BE16A6B003D2052 /* ApplicationTracker */,
				BB4767E02BECEC7B008C5957 /* InterviewPrep */,
				BB10A0632BF58AAE007A423A /* InterviewSchedule */,
				BB9D2CAA2BFCE4F800DAAD8F /* Metrics */,
				BB82977A2BFEE5380069F424 /* LogIn-SignUp */,
				BBC70ABB2BE14B89003D2052 /* AppDelegate.swift */,
				BBC70ABD2BE14B89003D2052 /* SceneDelegate.swift */,
				BBB99FDA2BE3ABC4009F602D /* GoogleService-Info.plist */,
				BBC70AE02BE17740003D2052 /* UIViewController+displayMessage.swift */,
				BBC70AC12BE14B89003D2052 /* Main.storyboard */,
				BBC70AC42BE14B8A003D2052 /* Assets.xcassets */,
				BBC70AC62BE14B8A003D2052 /* LaunchScreen.storyboard */,
				BBC70AC92BE14B8A003D2052 /* Info.plist */,
			);
			path = fit3178_majorAssignment;
			sourceTree = "<group>";
		};
		BBC70ACF2BE16A6B003D2052 /* ApplicationTracker */ = {
			isa = PBXGroup;
			children = (
				BBC70ADE2BE16F29003D2052 /* AddApplicationDelegate.swift */,
				BBC70AD82BE16D67003D2052 /* ApplicationTrackerViewController.swift */,
				BBC70ADC2BE16DE8003D2052 /* ApplicationCountTableViewCell.swift */,
				BBC70ADA2BE16D8F003D2052 /* AddNewApplicationViewController.swift */,
				BBFD17AE2BE2A0D300A33FED /* ViewApplicationDetailsViewController.swift */,
				BBFD17B02BE2B7FC00A33FED /* EditApplicationDetailsViewController.swift */,
			);
			path = ApplicationTracker;
			sourceTree = "<group>";
		};
		BBFD179F2BE2780800A33FED /* DataModel */ = {
			isa = PBXGroup;
			children = (
				BB53C7652BF6C3270012DC3F /* InterviewScheduleDetail+CoreDataClass.swift */,
				BB53C7662BF6C3270012DC3F /* InterviewScheduleDetail+CoreDataProperties.swift */,
				BBB99FDC2BE3B1D0009F602D /* ApplicationDetail.swift */,
				BBB99FDE2BE3B336009F602D /* JournalEntry.swift */,
				BB4767E72BECF855008C5957 /* QuestionData.swift */,
				BBA54C082BED1E7B00C03C97 /* QuizCategory.swift */,
				BB53C7622BF6C1720012DC3F /* InterviewScheduleDetail-Model.xcdatamodeld */,
			);
			path = DataModel;
			sourceTree = "<group>";
		};
		BBFD17A72BE27B2A00A33FED /* Database */ = {
			isa = PBXGroup;
			children = (
				BBFD17A82BE27B5E00A33FED /* MulticastDelegate.swift */,
				BBFD17AA2BE27BB900A33FED /* DatabaseProtocol.swift */,
				BBB99FE02BE3B452009F602D /* FirebaseController.swift */,
				BB53C7692BF6C49D0012DC3F /* CoreDataController.swift */,
			);
			path = Database;
			sourceTree = "<group>";
		};
/* End PBXGroup section */

/* Begin PBXNativeTarget section */
		BBC70AB72BE14B89003D2052 /* jobApplication_prepTrack_app */ = {
			isa = PBXNativeTarget;
			buildConfigurationList = BBC70ACC2BE14B8A003D2052 /* Build configuration list for PBXNativeTarget "jobApplication_prepTrack_app" */;
			buildPhases = (
				BBC70AB42BE14B89003D2052 /* Sources */,
				BBC70AB52BE14B89003D2052 /* Frameworks */,
				BBC70AB62BE14B89003D2052 /* Resources */,
			);
			buildRules = (
			);
			dependencies = (
			);
			name = jobApplication_prepTrack_app;
			packageProductDependencies = (
				BBB99FD42BE3A959009F602D /* FirebaseAuth */,
				BBB99FD62BE3A959009F602D /* FirebaseFirestore */,
				BBB99FD82BE3A959009F602D /* FirebaseFirestoreSwift */,
			);
			productName = fit3178_majorAssignment;
			productReference = BBC70AB82BE14B89003D2052 /* jobApplication_prepTrack_app.app */;
			productType = "com.apple.product-type.application";
		};
/* End PBXNativeTarget section */

/* Begin PBXProject section */
		BBC70AB02BE14B89003D2052 /* Project object */ = {
			isa = PBXProject;
			attributes = {
				BuildIndependentTargetsInParallel = 1;
				LastSwiftUpdateCheck = 1530;
				LastUpgradeCheck = 1530;
				TargetAttributes = {
					BBC70AB72BE14B89003D2052 = {
						CreatedOnToolsVersion = 15.3;
					};
				};
			};
			buildConfigurationList = BBC70AB32BE14B89003D2052 /* Build configuration list for PBXProject "jobApplication_prepTrack_app" */;
			compatibilityVersion = "Xcode 14.0";
			developmentRegion = en;
			hasScannedForEncodings = 0;
			knownRegions = (
				en,
				Base,
			);
			mainGroup = BBC70AAF2BE14B89003D2052;
			packageReferences = (
				BBB99FD32BE3A959009F602D /* XCRemoteSwiftPackageReference "firebase-ios-sdk" */,
			);
			productRefGroup = BBC70AB92BE14B89003D2052 /* Products */;
			projectDirPath = "";
			projectRoot = "";
			targets = (
				BBC70AB72BE14B89003D2052 /* jobApplication_prepTrack_app */,
			);
		};
/* End PBXProject section */

/* Begin PBXResourcesBuildPhase section */
		BBC70AB62BE14B89003D2052 /* Resources */ = {
			isa = PBXResourcesBuildPhase;
			buildActionMask = 2147483647;
			files = (
				BBC70AC52BE14B8A003D2052 /* Assets.xcassets in Resources */,
				BBB99FDB2BE3ABC4009F602D /* GoogleService-Info.plist in Resources */,
				BBC70AC82BE14B8A003D2052 /* Base in Resources */,
				BBC70AC32BE14B89003D2052 /* Base in Resources */,
			);
			runOnlyForDeploymentPostprocessing = 0;
		};
/* End PBXResourcesBuildPhase section */

/* Begin PBXSourcesBuildPhase section */
		BBC70AB42BE14B89003D2052 /* Sources */ = {
			isa = PBXSourcesBuildPhase;
			buildActionMask = 2147483647;
			files = (
				BBC70AD92BE16D67003D2052 /* ApplicationTrackerViewController.swift in Sources */,
				BBA54C0F2BEDA59600C03C97 /* ViewQuizQuestionViewController.swift in Sources */,
				BBFD17AF2BE2A0D400A33FED /* ViewApplicationDetailsViewController.swift in Sources */,
				BBFD17B12BE2B7FC00A33FED /* EditApplicationDetailsViewController.swift in Sources */,
				BBA54C0B2BED3B9700C03C97 /* InterviewPrepCollectionViewCell.swift in Sources */,
				BB4767E82BECF855008C5957 /* QuestionData.swift in Sources */,
				BBF5832A2BF628B00049DC50 /* AddInterviewViewController.swift in Sources */,
				BB53C7702BF6DDDC0012DC3F /* ViewSingleDateInterviewScheduleCollectionViewCell.swift in Sources */,
				BBA54C0D2BED402C00C03C97 /* InterviewPrepCollectionViewController.swift in Sources */,
				BB10A0672BF5A610007A423A /* InterviewScheduleCollectionViewCell.swift in Sources */,
				BBC70ABC2BE14B89003D2052 /* AppDelegate.swift in Sources */,
				BB9D2CAC2BFCE53000DAAD8F /* ApplicationMetricViewController.swift in Sources */,
				BB4767E42BECF028008C5957 /* QuizTableViewController.swift in Sources */,
				BBA559DC2BE34A4E0099D458 /* AllJournalEntryTableViewController.swift in Sources */,
				BBB99FE12BE3B452009F602D /* FirebaseController.swift in Sources */,
				BBA559DE2BE34A770099D458 /* CreateJournalEntryViewController.swift in Sources */,
				BB8297822BFF1C540069F424 /* ForgotPasswordViewController.swift in Sources */,
				BBB99FDF2BE3B336009F602D /* JournalEntry.swift in Sources */,
				BB82977C2BFEE5640069F424 /* LogInViewController.swift in Sources */,
				BBC70AE12BE17740003D2052 /* UIViewController+displayMessage.swift in Sources */,
				BB10A0692BF5E05B007A423A /* InterviewScheduleMonthCollectionReusableView.swift in Sources */,
				BB53C76A2BF6C49D0012DC3F /* CoreDataController.swift in Sources */,
				BB53C7672BF6C3270012DC3F /* InterviewScheduleDetail+CoreDataClass.swift in Sources */,
				BB53C7682BF6C3270012DC3F /* InterviewScheduleDetail+CoreDataProperties.swift in Sources */,
				BB53C76C2BF6D2550012DC3F /* ViewSingleDateInterviewScheduleCollectionViewController.swift in Sources */,
				BBA559E22BE34F840099D458 /* AddJournalEntryDelegate.swift in Sources */,
				BBC70ABE2BE14B89003D2052 /* SceneDelegate.swift in Sources */,
				BBC70ADF2BE16F29003D2052 /* AddApplicationDelegate.swift in Sources */,
				BB10A0652BF58AFD007A423A /* InterviewScheduleCollectionViewController.swift in Sources */,
				BBC70ADD2BE16DE8003D2052 /* ApplicationCountTableViewCell.swift in Sources */,
				BBB99FDD2BE3B1D0009F602D /* ApplicationDetail.swift in Sources */,
				BBC70ADB2BE16D8F003D2052 /* AddNewApplicationViewController.swift in Sources */,
				BBFD17AB2BE27BB900A33FED /* DatabaseProtocol.swift in Sources */,
				BBAE12AB2BE36E32008B3EC4 /* ViewJournalEntryViewController.swift in Sources */,
				BBFD17A92BE27B5E00A33FED /* MulticastDelegate.swift in Sources */,
				BB53C7642BF6C1720012DC3F /* InterviewScheduleDetail-Model.xcdatamodeld in Sources */,
				BB82977E2BFEE5750069F424 /* RegisterSignUpViewController.swift in Sources */,
				BB8297802BFEFB990069F424 /* ProfileViewController.swift in Sources */,
				BBA54C092BED1E7B00C03C97 /* QuizCategory.swift in Sources */,
				BBAE12AD2BE36E42008B3EC4 /* EditJournalEntryViewController.swift in Sources */,
			);
			runOnlyForDeploymentPostprocessing = 0;
		};
/* End PBXSourcesBuildPhase section */

/* Begin PBXVariantGroup section */
		BBC70AC12BE14B89003D2052 /* Main.storyboard */ = {
			isa = PBXVariantGroup;
			children = (
				BBC70AC22BE14B89003D2052 /* Base */,
			);
			name = Main.storyboard;
			sourceTree = "<group>";
		};
		BBC70AC62BE14B8A003D2052 /* LaunchScreen.storyboard */ = {
			isa = PBXVariantGroup;
			children = (
				BBC70AC72BE14B8A003D2052 /* Base */,
			);
			name = LaunchScreen.storyboard;
			sourceTree = "<group>";
		};
/* End PBXVariantGroup section */

/* Begin XCBuildConfiguration section */
		BBC70ACA2BE14B8A003D2052 /* Debug */ = {
			isa = XCBuildConfiguration;
			buildSettings = {
				ALWAYS_SEARCH_USER_PATHS = NO;
				ASSETCATALOG_COMPILER_GENERATE_SWIFT_ASSET_SYMBOL_EXTENSIONS = YES;
				CLANG_ANALYZER_NONNULL = YES;
				CLANG_ANALYZER_NUMBER_OBJECT_CONVERSION = YES_AGGRESSIVE;
				CLANG_CXX_LANGUAGE_STANDARD = "gnu++20";
				CLANG_ENABLE_MODULES = YES;
				CLANG_ENABLE_OBJC_ARC = YES;
				CLANG_ENABLE_OBJC_WEAK = YES;
				CLANG_WARN_BLOCK_CAPTURE_AUTORELEASING = YES;
				CLANG_WARN_BOOL_CONVERSION = YES;
				CLANG_WARN_COMMA = YES;
				CLANG_WARN_CONSTANT_CONVERSION = YES;
				CLANG_WARN_DEPRECATED_OBJC_IMPLEMENTATIONS = YES;
				CLANG_WARN_DIRECT_OBJC_ISA_USAGE = YES_ERROR;
				CLANG_WARN_DOCUMENTATION_COMMENTS = YES;
				CLANG_WARN_EMPTY_BODY = YES;
				CLANG_WARN_ENUM_CONVERSION = YES;
				CLANG_WARN_INFINITE_RECURSION = YES;
				CLANG_WARN_INT_CONVERSION = YES;
				CLANG_WARN_NON_LITERAL_NULL_CONVERSION = YES;
				CLANG_WARN_OBJC_IMPLICIT_RETAIN_SELF = YES;
				CLANG_WARN_OBJC_LITERAL_CONVERSION = YES;
				CLANG_WARN_OBJC_ROOT_CLASS = YES_ERROR;
				CLANG_WARN_QUOTED_INCLUDE_IN_FRAMEWORK_HEADER = YES;
				CLANG_WARN_RANGE_LOOP_ANALYSIS = YES;
				CLANG_WARN_STRICT_PROTOTYPES = YES;
				CLANG_WARN_SUSPICIOUS_MOVE = YES;
				CLANG_WARN_UNGUARDED_AVAILABILITY = YES_AGGRESSIVE;
				CLANG_WARN_UNREACHABLE_CODE = YES;
				CLANG_WARN__DUPLICATE_METHOD_MATCH = YES;
				COPY_PHASE_STRIP = NO;
				DEBUG_INFORMATION_FORMAT = dwarf;
				ENABLE_STRICT_OBJC_MSGSEND = YES;
				ENABLE_TESTABILITY = YES;
				ENABLE_USER_SCRIPT_SANDBOXING = YES;
				GCC_C_LANGUAGE_STANDARD = gnu17;
				GCC_DYNAMIC_NO_PIC = NO;
				GCC_NO_COMMON_BLOCKS = YES;
				GCC_OPTIMIZATION_LEVEL = 0;
				GCC_PREPROCESSOR_DEFINITIONS = (
					"DEBUG=1",
					"$(inherited)",
				);
				GCC_WARN_64_TO_32_BIT_CONVERSION = YES;
				GCC_WARN_ABOUT_RETURN_TYPE = YES_ERROR;
				GCC_WARN_UNDECLARED_SELECTOR = YES;
				GCC_WARN_UNINITIALIZED_AUTOS = YES_AGGRESSIVE;
				GCC_WARN_UNUSED_FUNCTION = YES;
				GCC_WARN_UNUSED_VARIABLE = YES;
				IPHONEOS_DEPLOYMENT_TARGET = 17.4;
				LOCALIZATION_PREFERS_STRING_CATALOGS = YES;
				MTL_ENABLE_DEBUG_INFO = INCLUDE_SOURCE;
				MTL_FAST_MATH = YES;
				ONLY_ACTIVE_ARCH = YES;
				SDKROOT = iphoneos;
				SWIFT_ACTIVE_COMPILATION_CONDITIONS = "DEBUG $(inherited)";
				SWIFT_OPTIMIZATION_LEVEL = "-Onone";
			};
			name = Debug;
		};
		BBC70ACB2BE14B8A003D2052 /* Release */ = {
			isa = XCBuildConfiguration;
			buildSettings = {
				ALWAYS_SEARCH_USER_PATHS = NO;
				ASSETCATALOG_COMPILER_GENERATE_SWIFT_ASSET_SYMBOL_EXTENSIONS = YES;
				CLANG_ANALYZER_NONNULL = YES;
				CLANG_ANALYZER_NUMBER_OBJECT_CONVERSION = YES_AGGRESSIVE;
				CLANG_CXX_LANGUAGE_STANDARD = "gnu++20";
				CLANG_ENABLE_MODULES = YES;
				CLANG_ENABLE_OBJC_ARC = YES;
				CLANG_ENABLE_OBJC_WEAK = YES;
				CLANG_WARN_BLOCK_CAPTURE_AUTORELEASING = YES;
				CLANG_WARN_BOOL_CONVERSION = YES;
				CLANG_WARN_COMMA = YES;
				CLANG_WARN_CONSTANT_CONVERSION = YES;
				CLANG_WARN_DEPRECATED_OBJC_IMPLEMENTATIONS = YES;
				CLANG_WARN_DIRECT_OBJC_ISA_USAGE = YES_ERROR;
				CLANG_WARN_DOCUMENTATION_COMMENTS = YES;
				CLANG_WARN_EMPTY_BODY = YES;
				CLANG_WARN_ENUM_CONVERSION = YES;
				CLANG_WARN_INFINITE_RECURSION = YES;
				CLANG_WARN_INT_CONVERSION = YES;
				CLANG_WARN_NON_LITERAL_NULL_CONVERSION = YES;
				CLANG_WARN_OBJC_IMPLICIT_RETAIN_SELF = YES;
				CLANG_WARN_OBJC_LITERAL_CONVERSION = YES;
				CLANG_WARN_OBJC_ROOT_CLASS = YES_ERROR;
				CLANG_WARN_QUOTED_INCLUDE_IN_FRAMEWORK_HEADER = YES;
				CLANG_WARN_RANGE_LOOP_ANALYSIS = YES;
				CLANG_WARN_STRICT_PROTOTYPES = YES;
				CLANG_WARN_SUSPICIOUS_MOVE = YES;
				CLANG_WARN_UNGUARDED_AVAILABILITY = YES_AGGRESSIVE;
				CLANG_WARN_UNREACHABLE_CODE = YES;
				CLANG_WARN__DUPLICATE_METHOD_MATCH = YES;
				COPY_PHASE_STRIP = NO;
				DEBUG_INFORMATION_FORMAT = "dwarf-with-dsym";
				ENABLE_NS_ASSERTIONS = NO;
				ENABLE_STRICT_OBJC_MSGSEND = YES;
				ENABLE_USER_SCRIPT_SANDBOXING = YES;
				GCC_C_LANGUAGE_STANDARD = gnu17;
				GCC_NO_COMMON_BLOCKS = YES;
				GCC_WARN_64_TO_32_BIT_CONVERSION = YES;
				GCC_WARN_ABOUT_RETURN_TYPE = YES_ERROR;
				GCC_WARN_UNDECLARED_SELECTOR = YES;
				GCC_WARN_UNINITIALIZED_AUTOS = YES_AGGRESSIVE;
				GCC_WARN_UNUSED_FUNCTION = YES;
				GCC_WARN_UNUSED_VARIABLE = YES;
				IPHONEOS_DEPLOYMENT_TARGET = 17.4;
				LOCALIZATION_PREFERS_STRING_CATALOGS = YES;
				MTL_ENABLE_DEBUG_INFO = NO;
				MTL_FAST_MATH = YES;
				SDKROOT = iphoneos;
				SWIFT_COMPILATION_MODE = wholemodule;
				VALIDATE_PRODUCT = YES;
			};
			name = Release;
		};
		BBC70ACD2BE14B8A003D2052 /* Debug */ = {
			isa = XCBuildConfiguration;
			buildSettings = {
				ASSETCATALOG_COMPILER_APPICON_NAME = AppIcon;
				ASSETCATALOG_COMPILER_GLOBAL_ACCENT_COLOR_NAME = AccentColor;
				CODE_SIGN_STYLE = Automatic;
				CURRENT_PROJECT_VERSION = 1;
				GENERATE_INFOPLIST_FILE = YES;
				INFOPLIST_FILE = fit3178_majorAssignment/Info.plist;
				INFOPLIST_KEY_UIApplicationSupportsIndirectInputEvents = YES;
				INFOPLIST_KEY_UILaunchStoryboardName = LaunchScreen;
				INFOPLIST_KEY_UIMainStoryboardFile = Main;
				INFOPLIST_KEY_UISupportedInterfaceOrientations_iPad = "UIInterfaceOrientationPortrait UIInterfaceOrientationPortraitUpsideDown UIInterfaceOrientationLandscapeLeft UIInterfaceOrientationLandscapeRight";
				INFOPLIST_KEY_UISupportedInterfaceOrientations_iPhone = "UIInterfaceOrientationPortrait UIInterfaceOrientationLandscapeLeft UIInterfaceOrientationLandscapeRight";
				IPHONEOS_DEPLOYMENT_TARGET = 16.0;
				LD_RUNPATH_SEARCH_PATHS = (
					"$(inherited)",
					"@executable_path/Frameworks",
				);
				MARKETING_VERSION = 1.0;
				PRODUCT_BUNDLE_IDENTIFIER = "com.yentung.job-preptrack-app";
				PRODUCT_NAME = "$(TARGET_NAME)";
				SWIFT_EMIT_LOC_STRINGS = YES;
				SWIFT_VERSION = 5.0;
				TARGETED_DEVICE_FAMILY = "1,2";
			};
			name = Debug;
		};
		BBC70ACE2BE14B8A003D2052 /* Release */ = {
			isa = XCBuildConfiguration;
			buildSettings = {
				ASSETCATALOG_COMPILER_APPICON_NAME = AppIcon;
				ASSETCATALOG_COMPILER_GLOBAL_ACCENT_COLOR_NAME = AccentColor;
				CODE_SIGN_STYLE = Automatic;
				CURRENT_PROJECT_VERSION = 1;
				GENERATE_INFOPLIST_FILE = YES;
				INFOPLIST_FILE = fit3178_majorAssignment/Info.plist;
				INFOPLIST_KEY_UIApplicationSupportsIndirectInputEvents = YES;
				INFOPLIST_KEY_UILaunchStoryboardName = LaunchScreen;
				INFOPLIST_KEY_UIMainStoryboardFile = Main;
				INFOPLIST_KEY_UISupportedInterfaceOrientations_iPad = "UIInterfaceOrientationPortrait UIInterfaceOrientationPortraitUpsideDown UIInterfaceOrientationLandscapeLeft UIInterfaceOrientationLandscapeRight";
				INFOPLIST_KEY_UISupportedInterfaceOrientations_iPhone = "UIInterfaceOrientationPortrait UIInterfaceOrientationLandscapeLeft UIInterfaceOrientationLandscapeRight";
				IPHONEOS_DEPLOYMENT_TARGET = 16.0;
				LD_RUNPATH_SEARCH_PATHS = (
					"$(inherited)",
					"@executable_path/Frameworks",
				);
				MARKETING_VERSION = 1.0;
				PRODUCT_BUNDLE_IDENTIFIER = "com.yentung.job-preptrack-app";
				PRODUCT_NAME = "$(TARGET_NAME)";
				SWIFT_EMIT_LOC_STRINGS = YES;
				SWIFT_VERSION = 5.0;
				TARGETED_DEVICE_FAMILY = "1,2";
			};
			name = Release;
		};
/* End XCBuildConfiguration section */

/* Begin XCConfigurationList section */
		BBC70AB32BE14B89003D2052 /* Build configuration list for PBXProject "jobApplication_prepTrack_app" */ = {
			isa = XCConfigurationList;
			buildConfigurations = (
				BBC70ACA2BE14B8A003D2052 /* Debug */,
				BBC70ACB2BE14B8A003D2052 /* Release */,
			);
			defaultConfigurationIsVisible = 0;
			defaultConfigurationName = Release;
		};
		BBC70ACC2BE14B8A003D2052 /* Build configuration list for PBXNativeTarget "jobApplication_prepTrack_app" */ = {
			isa = XCConfigurationList;
			buildConfigurations = (
				BBC70ACD2BE14B8A003D2052 /* Debug */,
				BBC70ACE2BE14B8A003D2052 /* Release */,
			);
			defaultConfigurationIsVisible = 0;
			defaultConfigurationName = Release;
		};
/* End XCConfigurationList section */

/* Begin XCRemoteSwiftPackageReference section */
		BBB99FD32BE3A959009F602D /* XCRemoteSwiftPackageReference "firebase-ios-sdk" */ = {
			isa = XCRemoteSwiftPackageReference;
			repositoryURL = "https://github.com/firebase/firebase-ios-sdk.git";
			requirement = {
				kind = upToNextMajorVersion;
				minimumVersion = 10.25.0;
			};
		};
/* End XCRemoteSwiftPackageReference section */

/* Begin XCSwiftPackageProductDependency section */
		BBB99FD42BE3A959009F602D /* FirebaseAuth */ = {
			isa = XCSwiftPackageProductDependency;
			package = BBB99FD32BE3A959009F602D /* XCRemoteSwiftPackageReference "firebase-ios-sdk" */;
			productName = FirebaseAuth;
		};
		BBB99FD62BE3A959009F602D /* FirebaseFirestore */ = {
			isa = XCSwiftPackageProductDependency;
			package = BBB99FD32BE3A959009F602D /* XCRemoteSwiftPackageReference "firebase-ios-sdk" */;
			productName = FirebaseFirestore;
		};
		BBB99FD82BE3A959009F602D /* FirebaseFirestoreSwift */ = {
			isa = XCSwiftPackageProductDependency;
			package = BBB99FD32BE3A959009F602D /* XCRemoteSwiftPackageReference "firebase-ios-sdk" */;
			productName = FirebaseFirestoreSwift;
		};
/* End XCSwiftPackageProductDependency section */

/* Begin XCVersionGroup section */
		BB53C7622BF6C1720012DC3F /* InterviewScheduleDetail-Model.xcdatamodeld */ = {
			isa = XCVersionGroup;
			children = (
				BB53C7632BF6C1720012DC3F /* InterviewScheduleDetail-Model.xcdatamodel */,
			);
			currentVersion = BB53C7632BF6C1720012DC3F /* InterviewScheduleDetail-Model.xcdatamodel */;
			name = "InterviewScheduleDetail-Model.xcdatamodeld";
			path = "/Users/chinyentung/Library/CloudStorage/OneDrive-MonashUniversity/6. Y3S1/FIT3178 - iOS app development/FIT3178_Assessments/fit3178_majorAssignment/job-application-tracker-ios-app/fit3178_majorAssignment/DataModel/InterviewScheduleDetail-Model.xcdatamodeld";
			sourceTree = "<group>";
			versionGroupType = wrapper.xcdatamodel;
		};
/* End XCVersionGroup section */
	};
	rootObject = BBC70AB02BE14B89003D2052 /* Project object */;
}
