// !$*UTF8*$!
{
	archiveVersion = 1;
	classes = {
	};
	objectVersion = 56;
	objects = {

/* Begin PBXBuildFile section */
		BBA559D82BE342AD0099D458 /* JournalEntry+CoreDataClass.swift in Sources */ = {isa = PBXBuildFile; fileRef = BBA559D62BE342AD0099D458 /* JournalEntry+CoreDataClass.swift */; };
		BBA559D92BE342AD0099D458 /* JournalEntry+CoreDataProperties.swift in Sources */ = {isa = PBXBuildFile; fileRef = BBA559D72BE342AD0099D458 /* JournalEntry+CoreDataProperties.swift */; };
		BBC70ABC2BE14B89003D2052 /* AppDelegate.swift in Sources */ = {isa = PBXBuildFile; fileRef = BBC70ABB2BE14B89003D2052 /* AppDelegate.swift */; };
		BBC70ABE2BE14B89003D2052 /* SceneDelegate.swift in Sources */ = {isa = PBXBuildFile; fileRef = BBC70ABD2BE14B89003D2052 /* SceneDelegate.swift */; };
		BBC70AC32BE14B89003D2052 /* Base in Resources */ = {isa = PBXBuildFile; fileRef = BBC70AC22BE14B89003D2052 /* Base */; };
		BBC70AC52BE14B8A003D2052 /* Assets.xcassets in Resources */ = {isa = PBXBuildFile; fileRef = BBC70AC42BE14B8A003D2052 /* Assets.xcassets */; };
		BBC70AC82BE14B8A003D2052 /* Base in Resources */ = {isa = PBXBuildFile; fileRef = BBC70AC72BE14B8A003D2052 /* Base */; };
		BBC70AD92BE16D67003D2052 /* ApplicationTrackerViewController.swift in Sources */ = {isa = PBXBuildFile; fileRef = BBC70AD82BE16D67003D2052 /* ApplicationTrackerViewController.swift */; };
		BBC70ADB2BE16D8F003D2052 /* AddNewApplicationViewController.swift in Sources */ = {isa = PBXBuildFile; fileRef = BBC70ADA2BE16D8F003D2052 /* AddNewApplicationViewController.swift */; };
		BBC70ADD2BE16DE8003D2052 /* ApplicationCountTableViewCell.swift in Sources */ = {isa = PBXBuildFile; fileRef = BBC70ADC2BE16DE8003D2052 /* ApplicationCountTableViewCell.swift */; };
		BBC70ADF2BE16F29003D2052 /* AddApplicationDelegate.swift in Sources */ = {isa = PBXBuildFile; fileRef = BBC70ADE2BE16F29003D2052 /* AddApplicationDelegate.swift */; };
		BBC70AE12BE17740003D2052 /* UIViewController+displayMessage.swift in Sources */ = {isa = PBXBuildFile; fileRef = BBC70AE02BE17740003D2052 /* UIViewController+displayMessage.swift */; };
		BBFD17A22BE2783D00A33FED /* App-DataModel.xcdatamodeld in Sources */ = {isa = PBXBuildFile; fileRef = BBFD17A02BE2783C00A33FED /* App-DataModel.xcdatamodeld */; };
		BBFD17A52BE2799400A33FED /* ApplicationDetails+CoreDataClass.swift in Sources */ = {isa = PBXBuildFile; fileRef = BBFD17A32BE2799400A33FED /* ApplicationDetails+CoreDataClass.swift */; };
		BBFD17A62BE2799400A33FED /* ApplicationDetails+CoreDataProperties.swift in Sources */ = {isa = PBXBuildFile; fileRef = BBFD17A42BE2799400A33FED /* ApplicationDetails+CoreDataProperties.swift */; };
		BBFD17A92BE27B5E00A33FED /* MulticastDelegate.swift in Sources */ = {isa = PBXBuildFile; fileRef = BBFD17A82BE27B5E00A33FED /* MulticastDelegate.swift */; };
		BBFD17AB2BE27BB900A33FED /* DatabaseProtocol.swift in Sources */ = {isa = PBXBuildFile; fileRef = BBFD17AA2BE27BB900A33FED /* DatabaseProtocol.swift */; };
		BBFD17AD2BE27FA900A33FED /* CoreDataController.swift in Sources */ = {isa = PBXBuildFile; fileRef = BBFD17AC2BE27FA900A33FED /* CoreDataController.swift */; };
		BBFD17AF2BE2A0D400A33FED /* ViewApplicationDetailsViewController.swift in Sources */ = {isa = PBXBuildFile; fileRef = BBFD17AE2BE2A0D300A33FED /* ViewApplicationDetailsViewController.swift */; };
		BBFD17B12BE2B7FC00A33FED /* EditApplicationDetailsViewController.swift in Sources */ = {isa = PBXBuildFile; fileRef = BBFD17B02BE2B7FC00A33FED /* EditApplicationDetailsViewController.swift */; };
/* End PBXBuildFile section */

/* Begin PBXFileReference section */
		BBA559D62BE342AD0099D458 /* JournalEntry+CoreDataClass.swift */ = {isa = PBXFileReference; lastKnownFileType = sourcecode.swift; path = "JournalEntry+CoreDataClass.swift"; sourceTree = SOURCE_ROOT; };
		BBA559D72BE342AD0099D458 /* JournalEntry+CoreDataProperties.swift */ = {isa = PBXFileReference; lastKnownFileType = sourcecode.swift; path = "JournalEntry+CoreDataProperties.swift"; sourceTree = SOURCE_ROOT; };
		BBC70AB82BE14B89003D2052 /* jobApplication_prepTrack_app.app */ = {isa = PBXFileReference; explicitFileType = wrapper.application; includeInIndex = 0; path = jobApplication_prepTrack_app.app; sourceTree = BUILT_PRODUCTS_DIR; };
		BBC70ABB2BE14B89003D2052 /* AppDelegate.swift */ = {isa = PBXFileReference; lastKnownFileType = sourcecode.swift; path = AppDelegate.swift; sourceTree = "<group>"; };
		BBC70ABD2BE14B89003D2052 /* SceneDelegate.swift */ = {isa = PBXFileReference; lastKnownFileType = sourcecode.swift; path = SceneDelegate.swift; sourceTree = "<group>"; };
		BBC70AC22BE14B89003D2052 /* Base */ = {isa = PBXFileReference; lastKnownFileType = file.storyboard; name = Base; path = Base.lproj/Main.storyboard; sourceTree = "<group>"; };
		BBC70AC42BE14B8A003D2052 /* Assets.xcassets */ = {isa = PBXFileReference; lastKnownFileType = folder.assetcatalog; path = Assets.xcassets; sourceTree = "<group>"; };
		BBC70AC72BE14B8A003D2052 /* Base */ = {isa = PBXFileReference; lastKnownFileType = file.storyboard; name = Base; path = Base.lproj/LaunchScreen.storyboard; sourceTree = "<group>"; };
		BBC70AC92BE14B8A003D2052 /* Info.plist */ = {isa = PBXFileReference; lastKnownFileType = text.plist.xml; path = Info.plist; sourceTree = "<group>"; };
		BBC70AD82BE16D67003D2052 /* ApplicationTrackerViewController.swift */ = {isa = PBXFileReference; lastKnownFileType = sourcecode.swift; path = ApplicationTrackerViewController.swift; sourceTree = "<group>"; };
		BBC70ADA2BE16D8F003D2052 /* AddNewApplicationViewController.swift */ = {isa = PBXFileReference; lastKnownFileType = sourcecode.swift; path = AddNewApplicationViewController.swift; sourceTree = "<group>"; };
		BBC70ADC2BE16DE8003D2052 /* ApplicationCountTableViewCell.swift */ = {isa = PBXFileReference; lastKnownFileType = sourcecode.swift; path = ApplicationCountTableViewCell.swift; sourceTree = "<group>"; };
		BBC70ADE2BE16F29003D2052 /* AddApplicationDelegate.swift */ = {isa = PBXFileReference; lastKnownFileType = sourcecode.swift; path = AddApplicationDelegate.swift; sourceTree = "<group>"; };
		BBC70AE02BE17740003D2052 /* UIViewController+displayMessage.swift */ = {isa = PBXFileReference; fileEncoding = 4; lastKnownFileType = sourcecode.swift; path = "UIViewController+displayMessage.swift"; sourceTree = "<group>"; };
		BBFD17A12BE2783D00A33FED /* App-DataModel.xcdatamodel */ = {isa = PBXFileReference; lastKnownFileType = wrapper.xcdatamodel; path = "App-DataModel.xcdatamodel"; sourceTree = "<group>"; };
		BBFD17A32BE2799400A33FED /* ApplicationDetails+CoreDataClass.swift */ = {isa = PBXFileReference; lastKnownFileType = sourcecode.swift; path = "ApplicationDetails+CoreDataClass.swift"; sourceTree = SOURCE_ROOT; };
		BBFD17A42BE2799400A33FED /* ApplicationDetails+CoreDataProperties.swift */ = {isa = PBXFileReference; lastKnownFileType = sourcecode.swift; path = "ApplicationDetails+CoreDataProperties.swift"; sourceTree = SOURCE_ROOT; };
		BBFD17A82BE27B5E00A33FED /* MulticastDelegate.swift */ = {isa = PBXFileReference; fileEncoding = 4; lastKnownFileType = sourcecode.swift; path = MulticastDelegate.swift; sourceTree = "<group>"; };
		BBFD17AA2BE27BB900A33FED /* DatabaseProtocol.swift */ = {isa = PBXFileReference; lastKnownFileType = sourcecode.swift; path = DatabaseProtocol.swift; sourceTree = "<group>"; };
		BBFD17AC2BE27FA900A33FED /* CoreDataController.swift */ = {isa = PBXFileReference; lastKnownFileType = sourcecode.swift; path = CoreDataController.swift; sourceTree = "<group>"; };
		BBFD17AE2BE2A0D300A33FED /* ViewApplicationDetailsViewController.swift */ = {isa = PBXFileReference; lastKnownFileType = sourcecode.swift; path = ViewApplicationDetailsViewController.swift; sourceTree = "<group>"; };
		BBFD17B02BE2B7FC00A33FED /* EditApplicationDetailsViewController.swift */ = {isa = PBXFileReference; lastKnownFileType = sourcecode.swift; path = EditApplicationDetailsViewController.swift; sourceTree = "<group>"; };
/* End PBXFileReference section */

/* Begin PBXFrameworksBuildPhase section */
		BBC70AB52BE14B89003D2052 /* Frameworks */ = {
			isa = PBXFrameworksBuildPhase;
			buildActionMask = 2147483647;
			files = (
			);
			runOnlyForDeploymentPostprocessing = 0;
		};
/* End PBXFrameworksBuildPhase section */

/* Begin PBXGroup section */
		BBC70AAF2BE14B89003D2052 = {
			isa = PBXGroup;
			children = (
				BBC70ABA2BE14B89003D2052 /* fit3178_majorAssignment */,
				BBC70AB92BE14B89003D2052 /* Products */,
			);
			sourceTree = "<group>";
		};
		BBC70AB92BE14B89003D2052 /* Products */ = {
			isa = PBXGroup;
			children = (
				BBC70AB82BE14B89003D2052 /* jobApplication_prepTrack_app.app */,
			);
			name = Products;
			sourceTree = "<group>";
		};
		BBC70ABA2BE14B89003D2052 /* fit3178_majorAssignment */ = {
			isa = PBXGroup;
			children = (
				BBFD17A72BE27B2A00A33FED /* Database */,
				BBFD179F2BE2780800A33FED /* DataModel */,
				BBC70ACF2BE16A6B003D2052 /* ApplicationTracker */,
				BBC70ABB2BE14B89003D2052 /* AppDelegate.swift */,
				BBC70ABD2BE14B89003D2052 /* SceneDelegate.swift */,
				BBC70AE02BE17740003D2052 /* UIViewController+displayMessage.swift */,
				BBC70AC12BE14B89003D2052 /* Main.storyboard */,
				BBC70AC42BE14B8A003D2052 /* Assets.xcassets */,
				BBC70AC62BE14B8A003D2052 /* LaunchScreen.storyboard */,
				BBC70AC92BE14B8A003D2052 /* Info.plist */,
			);
			path = fit3178_majorAssignment;
			sourceTree = "<group>";
		};
		BBC70ACF2BE16A6B003D2052 /* ApplicationTracker */ = {
			isa = PBXGroup;
			children = (
				BBC70AD82BE16D67003D2052 /* ApplicationTrackerViewController.swift */,
				BBC70ADA2BE16D8F003D2052 /* AddNewApplicationViewController.swift */,
				BBC70ADC2BE16DE8003D2052 /* ApplicationCountTableViewCell.swift */,
				BBC70ADE2BE16F29003D2052 /* AddApplicationDelegate.swift */,
				BBFD17AE2BE2A0D300A33FED /* ViewApplicationDetailsViewController.swift */,
				BBFD17B02BE2B7FC00A33FED /* EditApplicationDetailsViewController.swift */,
			);
			path = ApplicationTracker;
			sourceTree = "<group>";
		};
		BBFD179F2BE2780800A33FED /* DataModel */ = {
			isa = PBXGroup;
			children = (
				BBA559D62BE342AD0099D458 /* JournalEntry+CoreDataClass.swift */,
				BBA559D72BE342AD0099D458 /* JournalEntry+CoreDataProperties.swift */,
				BBFD17A32BE2799400A33FED /* ApplicationDetails+CoreDataClass.swift */,
				BBFD17A42BE2799400A33FED /* ApplicationDetails+CoreDataProperties.swift */,
				BBFD17A02BE2783C00A33FED /* App-DataModel.xcdatamodeld */,
			);
			path = DataModel;
			sourceTree = "<group>";
		};
		BBFD17A72BE27B2A00A33FED /* Database */ = {
			isa = PBXGroup;
			children = (
				BBFD17A82BE27B5E00A33FED /* MulticastDelegate.swift */,
				BBFD17AA2BE27BB900A33FED /* DatabaseProtocol.swift */,
				BBFD17AC2BE27FA900A33FED /* CoreDataController.swift */,
			);
			path = Database;
			sourceTree = "<group>";
		};
/* End PBXGroup section */

/* Begin PBXNativeTarget section */
		BBC70AB72BE14B89003D2052 /* jobApplication_prepTrack_app */ = {
			isa = PBXNativeTarget;
			buildConfigurationList = BBC70ACC2BE14B8A003D2052 /* Build configuration list for PBXNativeTarget "jobApplication_prepTrack_app" */;
			buildPhases = (
				BBC70AB42BE14B89003D2052 /* Sources */,
				BBC70AB52BE14B89003D2052 /* Frameworks */,
				BBC70AB62BE14B89003D2052 /* Resources */,
			);
			buildRules = (
			);
			dependencies = (
			);
			name = jobApplication_prepTrack_app;
			productName = fit3178_majorAssignment;
			productReference = BBC70AB82BE14B89003D2052 /* jobApplication_prepTrack_app.app */;
			productType = "com.apple.product-type.application";
		};
/* End PBXNativeTarget section */

/* Begin PBXProject section */
		BBC70AB02BE14B89003D2052 /* Project object */ = {
			isa = PBXProject;
			attributes = {
				BuildIndependentTargetsInParallel = 1;
				LastSwiftUpdateCheck = 1530;
				LastUpgradeCheck = 1530;
				TargetAttributes = {
					BBC70AB72BE14B89003D2052 = {
						CreatedOnToolsVersion = 15.3;
					};
				};
			};
			buildConfigurationList = BBC70AB32BE14B89003D2052 /* Build configuration list for PBXProject "jobApplication_prepTrack_app" */;
			compatibilityVersion = "Xcode 14.0";
			developmentRegion = en;
			hasScannedForEncodings = 0;
			knownRegions = (
				en,
				Base,
			);
			mainGroup = BBC70AAF2BE14B89003D2052;
			productRefGroup = BBC70AB92BE14B89003D2052 /* Products */;
			projectDirPath = "";
			projectRoot = "";
			targets = (
				BBC70AB72BE14B89003D2052 /* jobApplication_prepTrack_app */,
			);
		};
/* End PBXProject section */

/* Begin PBXResourcesBuildPhase section */
		BBC70AB62BE14B89003D2052 /* Resources */ = {
			isa = PBXResourcesBuildPhase;
			buildActionMask = 2147483647;
			files = (
				BBC70AC52BE14B8A003D2052 /* Assets.xcassets in Resources */,
				BBC70AC82BE14B8A003D2052 /* Base in Resources */,
				BBC70AC32BE14B89003D2052 /* Base in Resources */,
			);
			runOnlyForDeploymentPostprocessing = 0;
		};
/* End PBXResourcesBuildPhase section */

/* Begin PBXSourcesBuildPhase section */
		BBC70AB42BE14B89003D2052 /* Sources */ = {
			isa = PBXSourcesBuildPhase;
			buildActionMask = 2147483647;
			files = (
				BBA559D82BE342AD0099D458 /* JournalEntry+CoreDataClass.swift in Sources */,
				BBA559D92BE342AD0099D458 /* JournalEntry+CoreDataProperties.swift in Sources */,
				BBC70AD92BE16D67003D2052 /* ApplicationTrackerViewController.swift in Sources */,
				BBFD17AF2BE2A0D400A33FED /* ViewApplicationDetailsViewController.swift in Sources */,
				BBFD17B12BE2B7FC00A33FED /* EditApplicationDetailsViewController.swift in Sources */,
				BBC70ABC2BE14B89003D2052 /* AppDelegate.swift in Sources */,
				BBC70AE12BE17740003D2052 /* UIViewController+displayMessage.swift in Sources */,
				BBC70ABE2BE14B89003D2052 /* SceneDelegate.swift in Sources */,
				BBC70ADF2BE16F29003D2052 /* AddApplicationDelegate.swift in Sources */,
				BBC70ADD2BE16DE8003D2052 /* ApplicationCountTableViewCell.swift in Sources */,
				BBC70ADB2BE16D8F003D2052 /* AddNewApplicationViewController.swift in Sources */,
				BBFD17A52BE2799400A33FED /* ApplicationDetails+CoreDataClass.swift in Sources */,
				BBFD17AD2BE27FA900A33FED /* CoreDataController.swift in Sources */,
				BBFD17AB2BE27BB900A33FED /* DatabaseProtocol.swift in Sources */,
				BBFD17A92BE27B5E00A33FED /* MulticastDelegate.swift in Sources */,
				BBFD17A62BE2799400A33FED /* ApplicationDetails+CoreDataProperties.swift in Sources */,
				BBFD17A22BE2783D00A33FED /* App-DataModel.xcdatamodeld in Sources */,
			);
			runOnlyForDeploymentPostprocessing = 0;
		};
/* End PBXSourcesBuildPhase section */

/* Begin PBXVariantGroup section */
		BBC70AC12BE14B89003D2052 /* Main.storyboard */ = {
			isa = PBXVariantGroup;
			children = (
				BBC70AC22BE14B89003D2052 /* Base */,
			);
			name = Main.storyboard;
			sourceTree = "<group>";
		};
		BBC70AC62BE14B8A003D2052 /* LaunchScreen.storyboard */ = {
			isa = PBXVariantGroup;
			children = (
				BBC70AC72BE14B8A003D2052 /* Base */,
			);
			name = LaunchScreen.storyboard;
			sourceTree = "<group>";
		};
/* End PBXVariantGroup section */

/* Begin XCBuildConfiguration section */
		BBC70ACA2BE14B8A003D2052 /* Debug */ = {
			isa = XCBuildConfiguration;
			buildSettings = {
				ALWAYS_SEARCH_USER_PATHS = NO;
				ASSETCATALOG_COMPILER_GENERATE_SWIFT_ASSET_SYMBOL_EXTENSIONS = YES;
				CLANG_ANALYZER_NONNULL = YES;
				CLANG_ANALYZER_NUMBER_OBJECT_CONVERSION = YES_AGGRESSIVE;
				CLANG_CXX_LANGUAGE_STANDARD = "gnu++20";
				CLANG_ENABLE_MODULES = YES;
				CLANG_ENABLE_OBJC_ARC = YES;
				CLANG_ENABLE_OBJC_WEAK = YES;
				CLANG_WARN_BLOCK_CAPTURE_AUTORELEASING = YES;
				CLANG_WARN_BOOL_CONVERSION = YES;
				CLANG_WARN_COMMA = YES;
				CLANG_WARN_CONSTANT_CONVERSION = YES;
				CLANG_WARN_DEPRECATED_OBJC_IMPLEMENTATIONS = YES;
				CLANG_WARN_DIRECT_OBJC_ISA_USAGE = YES_ERROR;
				CLANG_WARN_DOCUMENTATION_COMMENTS = YES;
				CLANG_WARN_EMPTY_BODY = YES;
				CLANG_WARN_ENUM_CONVERSION = YES;
				CLANG_WARN_INFINITE_RECURSION = YES;
				CLANG_WARN_INT_CONVERSION = YES;
				CLANG_WARN_NON_LITERAL_NULL_CONVERSION = YES;
				CLANG_WARN_OBJC_IMPLICIT_RETAIN_SELF = YES;
				CLANG_WARN_OBJC_LITERAL_CONVERSION = YES;
				CLANG_WARN_OBJC_ROOT_CLASS = YES_ERROR;
				CLANG_WARN_QUOTED_INCLUDE_IN_FRAMEWORK_HEADER = YES;
				CLANG_WARN_RANGE_LOOP_ANALYSIS = YES;
				CLANG_WARN_STRICT_PROTOTYPES = YES;
				CLANG_WARN_SUSPICIOUS_MOVE = YES;
				CLANG_WARN_UNGUARDED_AVAILABILITY = YES_AGGRESSIVE;
				CLANG_WARN_UNREACHABLE_CODE = YES;
				CLANG_WARN__DUPLICATE_METHOD_MATCH = YES;
				COPY_PHASE_STRIP = NO;
				DEBUG_INFORMATION_FORMAT = dwarf;
				ENABLE_STRICT_OBJC_MSGSEND = YES;
				ENABLE_TESTABILITY = YES;
				ENABLE_USER_SCRIPT_SANDBOXING = YES;
				GCC_C_LANGUAGE_STANDARD = gnu17;
				GCC_DYNAMIC_NO_PIC = NO;
				GCC_NO_COMMON_BLOCKS = YES;
				GCC_OPTIMIZATION_LEVEL = 0;
				GCC_PREPROCESSOR_DEFINITIONS = (
					"DEBUG=1",
					"$(inherited)",
				);
				GCC_WARN_64_TO_32_BIT_CONVERSION = YES;
				GCC_WARN_ABOUT_RETURN_TYPE = YES_ERROR;
				GCC_WARN_UNDECLARED_SELECTOR = YES;
				GCC_WARN_UNINITIALIZED_AUTOS = YES_AGGRESSIVE;
				GCC_WARN_UNUSED_FUNCTION = YES;
				GCC_WARN_UNUSED_VARIABLE = YES;
				IPHONEOS_DEPLOYMENT_TARGET = 17.4;
				LOCALIZATION_PREFERS_STRING_CATALOGS = YES;
				MTL_ENABLE_DEBUG_INFO = INCLUDE_SOURCE;
				MTL_FAST_MATH = YES;
				ONLY_ACTIVE_ARCH = YES;
				SDKROOT = iphoneos;
				SWIFT_ACTIVE_COMPILATION_CONDITIONS = "DEBUG $(inherited)";
				SWIFT_OPTIMIZATION_LEVEL = "-Onone";
			};
			name = Debug;
		};
		BBC70ACB2BE14B8A003D2052 /* Release */ = {
			isa = XCBuildConfiguration;
			buildSettings = {
				ALWAYS_SEARCH_USER_PATHS = NO;
				ASSETCATALOG_COMPILER_GENERATE_SWIFT_ASSET_SYMBOL_EXTENSIONS = YES;
				CLANG_ANALYZER_NONNULL = YES;
				CLANG_ANALYZER_NUMBER_OBJECT_CONVERSION = YES_AGGRESSIVE;
				CLANG_CXX_LANGUAGE_STANDARD = "gnu++20";
				CLANG_ENABLE_MODULES = YES;
				CLANG_ENABLE_OBJC_ARC = YES;
				CLANG_ENABLE_OBJC_WEAK = YES;
				CLANG_WARN_BLOCK_CAPTURE_AUTORELEASING = YES;
				CLANG_WARN_BOOL_CONVERSION = YES;
				CLANG_WARN_COMMA = YES;
				CLANG_WARN_CONSTANT_CONVERSION = YES;
				CLANG_WARN_DEPRECATED_OBJC_IMPLEMENTATIONS = YES;
				CLANG_WARN_DIRECT_OBJC_ISA_USAGE = YES_ERROR;
				CLANG_WARN_DOCUMENTATION_COMMENTS = YES;
				CLANG_WARN_EMPTY_BODY = YES;
				CLANG_WARN_ENUM_CONVERSION = YES;
				CLANG_WARN_INFINITE_RECURSION = YES;
				CLANG_WARN_INT_CONVERSION = YES;
				CLANG_WARN_NON_LITERAL_NULL_CONVERSION = YES;
				CLANG_WARN_OBJC_IMPLICIT_RETAIN_SELF = YES;
				CLANG_WARN_OBJC_LITERAL_CONVERSION = YES;
				CLANG_WARN_OBJC_ROOT_CLASS = YES_ERROR;
				CLANG_WARN_QUOTED_INCLUDE_IN_FRAMEWORK_HEADER = YES;
				CLANG_WARN_RANGE_LOOP_ANALYSIS = YES;
				CLANG_WARN_STRICT_PROTOTYPES = YES;
				CLANG_WARN_SUSPICIOUS_MOVE = YES;
				CLANG_WARN_UNGUARDED_AVAILABILITY = YES_AGGRESSIVE;
				CLANG_WARN_UNREACHABLE_CODE = YES;
				CLANG_WARN__DUPLICATE_METHOD_MATCH = YES;
				COPY_PHASE_STRIP = NO;
				DEBUG_INFORMATION_FORMAT = "dwarf-with-dsym";
				ENABLE_NS_ASSERTIONS = NO;
				ENABLE_STRICT_OBJC_MSGSEND = YES;
				ENABLE_USER_SCRIPT_SANDBOXING = YES;
				GCC_C_LANGUAGE_STANDARD = gnu17;
				GCC_NO_COMMON_BLOCKS = YES;
				GCC_WARN_64_TO_32_BIT_CONVERSION = YES;
				GCC_WARN_ABOUT_RETURN_TYPE = YES_ERROR;
				GCC_WARN_UNDECLARED_SELECTOR = YES;
				GCC_WARN_UNINITIALIZED_AUTOS = YES_AGGRESSIVE;
				GCC_WARN_UNUSED_FUNCTION = YES;
				GCC_WARN_UNUSED_VARIABLE = YES;
				IPHONEOS_DEPLOYMENT_TARGET = 17.4;
				LOCALIZATION_PREFERS_STRING_CATALOGS = YES;
				MTL_ENABLE_DEBUG_INFO = NO;
				MTL_FAST_MATH = YES;
				SDKROOT = iphoneos;
				SWIFT_COMPILATION_MODE = wholemodule;
				VALIDATE_PRODUCT = YES;
			};
			name = Release;
		};
		BBC70ACD2BE14B8A003D2052 /* Debug */ = {
			isa = XCBuildConfiguration;
			buildSettings = {
				ASSETCATALOG_COMPILER_APPICON_NAME = AppIcon;
				ASSETCATALOG_COMPILER_GLOBAL_ACCENT_COLOR_NAME = AccentColor;
				CODE_SIGN_STYLE = Automatic;
				CURRENT_PROJECT_VERSION = 1;
				GENERATE_INFOPLIST_FILE = YES;
				INFOPLIST_FILE = fit3178_majorAssignment/Info.plist;
				INFOPLIST_KEY_UIApplicationSupportsIndirectInputEvents = YES;
				INFOPLIST_KEY_UILaunchStoryboardName = LaunchScreen;
				INFOPLIST_KEY_UIMainStoryboardFile = Main;
				INFOPLIST_KEY_UISupportedInterfaceOrientations_iPad = "UIInterfaceOrientationPortrait UIInterfaceOrientationPortraitUpsideDown UIInterfaceOrientationLandscapeLeft UIInterfaceOrientationLandscapeRight";
				INFOPLIST_KEY_UISupportedInterfaceOrientations_iPhone = "UIInterfaceOrientationPortrait UIInterfaceOrientationLandscapeLeft UIInterfaceOrientationLandscapeRight";
				IPHONEOS_DEPLOYMENT_TARGET = 16.0;
				LD_RUNPATH_SEARCH_PATHS = (
					"$(inherited)",
					"@executable_path/Frameworks",
				);
				MARKETING_VERSION = 1.0;
				PRODUCT_BUNDLE_IDENTIFIER = "com.yentung.fit3178-majorAssignment";
				PRODUCT_NAME = "$(TARGET_NAME)";
				SWIFT_EMIT_LOC_STRINGS = YES;
				SWIFT_VERSION = 5.0;
				TARGETED_DEVICE_FAMILY = "1,2";
			};
			name = Debug;
		};
		BBC70ACE2BE14B8A003D2052 /* Release */ = {
			isa = XCBuildConfiguration;
			buildSettings = {
				ASSETCATALOG_COMPILER_APPICON_NAME = AppIcon;
				ASSETCATALOG_COMPILER_GLOBAL_ACCENT_COLOR_NAME = AccentColor;
				CODE_SIGN_STYLE = Automatic;
				CURRENT_PROJECT_VERSION = 1;
				GENERATE_INFOPLIST_FILE = YES;
				INFOPLIST_FILE = fit3178_majorAssignment/Info.plist;
				INFOPLIST_KEY_UIApplicationSupportsIndirectInputEvents = YES;
				INFOPLIST_KEY_UILaunchStoryboardName = LaunchScreen;
				INFOPLIST_KEY_UIMainStoryboardFile = Main;
				INFOPLIST_KEY_UISupportedInterfaceOrientations_iPad = "UIInterfaceOrientationPortrait UIInterfaceOrientationPortraitUpsideDown UIInterfaceOrientationLandscapeLeft UIInterfaceOrientationLandscapeRight";
				INFOPLIST_KEY_UISupportedInterfaceOrientations_iPhone = "UIInterfaceOrientationPortrait UIInterfaceOrientationLandscapeLeft UIInterfaceOrientationLandscapeRight";
				IPHONEOS_DEPLOYMENT_TARGET = 16.0;
				LD_RUNPATH_SEARCH_PATHS = (
					"$(inherited)",
					"@executable_path/Frameworks",
				);
				MARKETING_VERSION = 1.0;
				PRODUCT_BUNDLE_IDENTIFIER = "com.yentung.fit3178-majorAssignment";
				PRODUCT_NAME = "$(TARGET_NAME)";
				SWIFT_EMIT_LOC_STRINGS = YES;
				SWIFT_VERSION = 5.0;
				TARGETED_DEVICE_FAMILY = "1,2";
			};
			name = Release;
		};
/* End XCBuildConfiguration section */

/* Begin XCConfigurationList section */
		BBC70AB32BE14B89003D2052 /* Build configuration list for PBXProject "jobApplication_prepTrack_app" */ = {
			isa = XCConfigurationList;
			buildConfigurations = (
				BBC70ACA2BE14B8A003D2052 /* Debug */,
				BBC70ACB2BE14B8A003D2052 /* Release */,
			);
			defaultConfigurationIsVisible = 0;
			defaultConfigurationName = Release;
		};
		BBC70ACC2BE14B8A003D2052 /* Build configuration list for PBXNativeTarget "jobApplication_prepTrack_app" */ = {
			isa = XCConfigurationList;
			buildConfigurations = (
				BBC70ACD2BE14B8A003D2052 /* Debug */,
				BBC70ACE2BE14B8A003D2052 /* Release */,
			);
			defaultConfigurationIsVisible = 0;
			defaultConfigurationName = Release;
		};
/* End XCConfigurationList section */

/* Begin XCVersionGroup section */
		BBFD17A02BE2783C00A33FED /* App-DataModel.xcdatamodeld */ = {
			isa = XCVersionGroup;
			children = (
				BBFD17A12BE2783D00A33FED /* App-DataModel.xcdatamodel */,
			);
			currentVersion = BBFD17A12BE2783D00A33FED /* App-DataModel.xcdatamodel */;
			name = "App-DataModel.xcdatamodeld";
			path = "/Users/chinyentung/Library/CloudStorage/OneDrive-MonashUniversity/6. Y3S1/FIT3178 - iOS app development/FIT3178_Assessments/fit3178_majorAssignment/fit3178_majorAssignment/DataModel/App-DataModel.xcdatamodeld";
			sourceTree = "<group>";
			versionGroupType = wrapper.xcdatamodel;
		};
/* End XCVersionGroup section */
	};
	rootObject = BBC70AB02BE14B89003D2052 /* Project object */;
}
